
Microsoft Visual Studio Solution File, Format Version 12.00
# Visual Studio Version 16
VisualStudioVersion = 16.0.34601.136
MinimumVisualStudioVersion = 10.0.40219.1
Project("{FAE04EC0-301F-11D3-BF4B-00C04F79EFBC}") = "NganHang_PhanTan", "NganHang_PhanTan\NganHang_PhanTan.csproj", "{C5C99D1C-E6FC-4E45-BD3A-B8731445417B}"
EndProject
Global
	GlobalSection(SolutionConfigurationPlatforms) = preSolution
		Debug|Any CPU = Debug|Any CPU
		Release|Any CPU = Release|Any CPU
	EndGlobalSection
	GlobalSection(ProjectConfigurationPlatforms) = postSolution
		{C5C99D1C-E6FC-4E45-BD3A-B8731445417B}.Debug|Any CPU.ActiveCfg = Debug|Any CPU
		{C5C99D1C-E6FC-4E45-BD3A-B8731445417B}.Debug|Any CPU.Build.0 = Debug|Any CPU
		{C5C99D1C-E6FC-4E45-BD3A-B8731445417B}.Release|Any CPU.ActiveCfg = Release|Any CPU
		{C5C99D1C-E6FC-4E45-BD3A-B8731445417B}.Release|Any CPU.Build.0 = Release|Any CPU
	EndGlobalSection
	GlobalSection(SolutionProperties) = preSolution
		HideSolutionNode = FALSE
	EndGlobalSection
	GlobalSection(ExtensibilityGlobals) = postSolution
		SolutionGuid = {BBCA411B-D0AF-4385-9F35-A44C0B4BC0EB}
	EndGlobalSection
EndGlobal
